
Microsoft Visual Studio Solution File, Format Version 12.00
# Visual Studio Version 16
VisualStudioVersion = 16.0.31321.278
MinimumVisualStudioVersion = 10.0.40219.1
Project("{9A19103F-16F7-4668-BE54-9A1E7A4F7556}") = "Widgetz", "Widgetz\Widgetz.csproj", "{C5267065-EF45-476A-A2C2-68D24A59CA15}"
EndProject
Project("{9A19103F-16F7-4668-BE54-9A1E7A4F7556}") = "Widgetz.Interface", "Widgetz.Interface\Widgetz.Interface.csproj", "{39164FBA-C6E4-4D21-A74D-E95262D4F6D9}"
EndProject
Global
	GlobalSection(SolutionConfigurationPlatforms) = preSolution
		Debug|Any CPU = Debug|Any CPU
		Release|Any CPU = Release|Any CPU
	EndGlobalSection
	GlobalSection(ProjectConfigurationPlatforms) = postSolution
		{C5267065-EF45-476A-A2C2-68D24A59CA15}.Debug|Any CPU.ActiveCfg = Debug|Any CPU
		{C5267065-EF45-476A-A2C2-68D24A59CA15}.Debug|Any CPU.Build.0 = Debug|Any CPU
		{C5267065-EF45-476A-A2C2-68D24A59CA15}.Release|Any CPU.ActiveCfg = Release|Any CPU
		{C5267065-EF45-476A-A2C2-68D24A59CA15}.Release|Any CPU.Build.0 = Release|Any CPU
		{39164FBA-C6E4-4D21-A74D-E95262D4F6D9}.Debug|Any CPU.ActiveCfg = Debug|Any CPU
		{39164FBA-C6E4-4D21-A74D-E95262D4F6D9}.Debug|Any CPU.Build.0 = Debug|Any CPU
		{39164FBA-C6E4-4D21-A74D-E95262D4F6D9}.Release|Any CPU.ActiveCfg = Release|Any CPU
		{39164FBA-C6E4-4D21-A74D-E95262D4F6D9}.Release|Any CPU.Build.0 = Release|Any CPU
	EndGlobalSection
	GlobalSection(SolutionProperties) = preSolution
		HideSolutionNode = FALSE
	EndGlobalSection
	GlobalSection(ExtensibilityGlobals) = postSolution
		SolutionGuid = {90936019-3964-4D9F-AF81-E7127C34F912}
	EndGlobalSection
EndGlobal
